{
  "version": 4,
  "terraform_version": "1.6.3",
  "serial": 192,
  "lineage": "40993f62-0e19-24e9-f137-c14897962b39",
  "outputs": {
    "my-kubeconfig": {
      "value": "apiVersion: v1\nkind: Config\nclusters:\n- cluster:\n    certificate-authority-data: LS0tLS1CRUdJTiBDRVJUSUZJQ0FURS0tLS0tCk1JSURKekNDQWcrZ0F3SUJBZ0lDQm5Vd0RRWUpLb1pJaHZjTkFRRUxCUUF3TXpFVk1CTUdBMVVFQ2hNTVJHbG4KYVhSaGJFOWpaV0Z1TVJvd0dBWURWUVFERXhGck9ITmhZWE1nUTJ4MWMzUmxjaUJEUVRBZUZ3MHlOREF5TWpVeApOalUzTXpCYUZ3MDBOREF5TWpVeE5qVTNNekJhTURNeEZUQVRCZ05WQkFvVERFUnBaMmwwWVd4UFkyVmhiakVhCk1CZ0dBMVVFQXhNUmF6aHpZV0Z6SUVOc2RYTjBaWElnUTBFd2dnRWlNQTBHQ1NxR1NJYjNEUUVCQVFVQUE0SUIKRHdBd2dnRUtBb0lCQVFDdVRBaGtaY3BFMVZ5ckgyQXNJSzVGTWpCaEl2K1I1U0ttQ255dEZ6SlVDdkRxZGo0RwpNM2RKV2RpTEtwWEhNR3R0Qlh0Z3VZSU5FU05LdVp4OTNrM0FkcnhaZ2VuYW5UQ2s0TmlyQnZERzdkZkJFNEZpClYxdk95RjVlQ3pmNDlwZFF6OEFucWkvT0lYUlpLT1NZSnVXZDd6VGgzRGgwWHNaRDJ4RnpIbXhXczVGRUxnUW0KQTF3UWNITDNDNVhqQ2Iya1NFSDNGeHRwSTZCVXRRNnFQc1liTnlMQnhDcXNVejRMNCtWMDYybXVEWnJwRGZ4WAozRDZmYTRVTlcwMzhlM2JLY1I4Mk5NS0RGVlpSL0hnTHgxRE5uRUFsZWZnSVdOaWRxZ0lITjNwMldFb2l1MEpnCjRiQ3lzbjNHRm9nZ3YzZisweU5acnNsaDhLY1V2UkJzT0FOWkFnTUJBQUdqUlRCRE1BNEdBMVVkRHdFQi93UUUKQXdJQmhqQVNCZ05WSFJNQkFmOEVDREFHQVFIL0FnRUFNQjBHQTFVZERnUVdCQlNJL0d0b3hyNEU1TU53T1BUKwpRaVViRE42enFqQU5CZ2txaGtpRzl3MEJBUXNGQUFPQ0FRRUFROWFjVEc5YmFicmJSTUg2WTh3M3R5RXMrc2ZmCmxIL3gwdWd5RGl4YlRtUlpsNU03Nno3aUlCb2dkV1V3ZlkrWmhWZmc4S2RCbG0vMWU1aFpCY1dYSEJiSENqWngKSVdEaWljZkNROE5WV1ppVUx4TjRHOWlPYS9YQnNrdGxycXdZQ2Eyc3pIbTBGY2N4dVVydWR3K1R6aFU4aTIxYwpHbjZqVkZJMzZZeGtFa3hzQjg0MGVCUHNJUjdrazV5dUpPc21BbG12L2h3ZHlERXlZcDBrMGJjZXpxSjRnMDVFCmNpUE9CWnZBRzdVci80MFFEWGg4RGtUWE5HT0xJdzhLQWkwY0ZqQ2RjeWV3VEJvZzBxUUJWeVdrOS9pTGoxRzAKNEVXMkRYclhSM1BMZXJ3S3lKSGdWTDlQZmhYZEJnSER1cXhpdVZRZzNOMVdmWXVsdTIyOFZqRzVZdz09Ci0tLS0tRU5EIENFUlRJRklDQVRFLS0tLS0K\n    server: https://295b4d10-7010-40e5-b918-005a1c0038d1.k8s.ondigitalocean.com\n  name: do-nyc1-quantum-k8s-cluster\ncontexts:\n- context:\n    cluster: do-nyc1-quantum-k8s-cluster\n    user: do-nyc1-quantum-k8s-cluster-admin\n  name: do-nyc1-quantum-k8s-cluster\ncurrent-context: do-nyc1-quantum-k8s-cluster\nusers:\n- name: do-nyc1-quantum-k8s-cluster-admin\n  user:\n    token: dop_v1_a2f6861292aafee6404a1ef35694cb3edae99a98ce400992af320fdc0ce29cbe\n",
      "type": "string",
      "sensitive": true
    }
  },
  "resources": [
    {
      "mode": "data",
      "type": "kubernetes_service_v1",
      "name": "ingress_svc",
      "provider": "provider[\"registry.terraform.io/hashicorp/kubernetes\"]",
      "instances": [
        {
          "schema_version": 0,
          "attributes": {
            "id": "default/nginx-ingress-ingress-nginx-controller",
            "metadata": [
              {
                "annotations": {
                  "kubernetes.digitalocean.com/load-balancer-id": "4ead1bf5-72be-459e-8269-5e10cfadf3cf",
                  "meta.helm.sh/release-name": "nginx-ingress",
                  "meta.helm.sh/release-namespace": "default"
                },
                "generation": 0,
                "labels": {
                  "app.kubernetes.io/component": "controller",
                  "app.kubernetes.io/instance": "nginx-ingress",
                  "app.kubernetes.io/managed-by": "Helm",
                  "app.kubernetes.io/name": "ingress-nginx",
                  "app.kubernetes.io/part-of": "ingress-nginx",
                  "app.kubernetes.io/version": "1.9.6",
                  "helm.sh/chart": "ingress-nginx-4.9.1"
                },
                "name": "nginx-ingress-ingress-nginx-controller",
                "namespace": "default",
                "resource_version": "10894",
                "uid": "05cd668f-13e0-4987-97fa-29128fb3294e"
              }
            ],
            "spec": [
              {
                "allocate_load_balancer_node_ports": true,
                "cluster_ip": "10.245.36.216",
                "cluster_ips": [
                  "10.245.36.216"
                ],
                "external_ips": [],
                "external_name": "",
                "external_traffic_policy": "Cluster",
                "health_check_node_port": 0,
                "internal_traffic_policy": "Cluster",
                "ip_families": [
                  "IPv4"
                ],
                "ip_family_policy": "SingleStack",
                "load_balancer_class": "",
                "load_balancer_ip": "",
                "load_balancer_source_ranges": [],
                "port": [
                  {
                    "app_protocol": "http",
                    "name": "http",
                    "node_port": 32598,
                    "port": 80,
                    "protocol": "TCP",
                    "target_port": "http"
                  },
                  {
                    "app_protocol": "https",
                    "name": "https",
                    "node_port": 31845,
                    "port": 443,
                    "protocol": "TCP",
                    "target_port": "https"
                  }
                ],
                "publish_not_ready_addresses": false,
                "selector": {
                  "app.kubernetes.io/component": "controller",
                  "app.kubernetes.io/instance": "nginx-ingress",
                  "app.kubernetes.io/name": "ingress-nginx"
                },
                "session_affinity": "None",
                "session_affinity_config": [],
                "type": "LoadBalancer"
              }
            ],
            "status": [
              {
                "load_balancer": [
                  {
                    "ingress": [
                      {
                        "hostname": "",
                        "ip": "138.197.231.48"
                      }
                    ]
                  }
                ]
              }
            ]
          },
          "sensitive_attributes": []
        }
      ]
    },
    {
      "mode": "managed",
      "type": "digitalocean_domain",
      "name": "shopnest_dot_uz",
      "provider": "provider[\"registry.terraform.io/digitalocean/digitalocean\"]",
      "instances": [
        {
          "schema_version": 0,
          "attributes": {
            "id": "shopnest.uz",
            "ip_address": null,
            "name": "shopnest.uz",
            "ttl": 1800,
            "urn": "do:domain:shopnest.uz"
          },
          "sensitive_attributes": [],
          "private": "bnVsbA=="
        }
      ]
    },
    {
      "mode": "managed",
      "type": "digitalocean_kubernetes_cluster",
      "name": "quantum_k8s_cluster",
      "provider": "provider[\"registry.terraform.io/digitalocean/digitalocean\"]",
      "instances": [
        {
          "schema_version": 3,
          "attributes": {
            "auto_upgrade": false,
            "cluster_subnet": "10.244.0.0/16",
            "created_at": "2024-02-25 16:57:27 +0000 UTC",
            "destroy_all_associated_resources": false,
            "endpoint": "https://295b4d10-7010-40e5-b918-005a1c0038d1.k8s.ondigitalocean.com",
            "ha": false,
            "id": "295b4d10-7010-40e5-b918-005a1c0038d1",
            "ipv4_address": "",
            "kube_config": [
              {
                "client_certificate": "",
                "client_key": "",
                "cluster_ca_certificate": "LS0tLS1CRUdJTiBDRVJUSUZJQ0FURS0tLS0tCk1JSURKekNDQWcrZ0F3SUJBZ0lDQm5Vd0RRWUpLb1pJaHZjTkFRRUxCUUF3TXpFVk1CTUdBMVVFQ2hNTVJHbG4KYVhSaGJFOWpaV0Z1TVJvd0dBWURWUVFERXhGck9ITmhZWE1nUTJ4MWMzUmxjaUJEUVRBZUZ3MHlOREF5TWpVeApOalUzTXpCYUZ3MDBOREF5TWpVeE5qVTNNekJhTURNeEZUQVRCZ05WQkFvVERFUnBaMmwwWVd4UFkyVmhiakVhCk1CZ0dBMVVFQXhNUmF6aHpZV0Z6SUVOc2RYTjBaWElnUTBFd2dnRWlNQTBHQ1NxR1NJYjNEUUVCQVFVQUE0SUIKRHdBd2dnRUtBb0lCQVFDdVRBaGtaY3BFMVZ5ckgyQXNJSzVGTWpCaEl2K1I1U0ttQ255dEZ6SlVDdkRxZGo0RwpNM2RKV2RpTEtwWEhNR3R0Qlh0Z3VZSU5FU05LdVp4OTNrM0FkcnhaZ2VuYW5UQ2s0TmlyQnZERzdkZkJFNEZpClYxdk95RjVlQ3pmNDlwZFF6OEFucWkvT0lYUlpLT1NZSnVXZDd6VGgzRGgwWHNaRDJ4RnpIbXhXczVGRUxnUW0KQTF3UWNITDNDNVhqQ2Iya1NFSDNGeHRwSTZCVXRRNnFQc1liTnlMQnhDcXNVejRMNCtWMDYybXVEWnJwRGZ4WAozRDZmYTRVTlcwMzhlM2JLY1I4Mk5NS0RGVlpSL0hnTHgxRE5uRUFsZWZnSVdOaWRxZ0lITjNwMldFb2l1MEpnCjRiQ3lzbjNHRm9nZ3YzZisweU5acnNsaDhLY1V2UkJzT0FOWkFnTUJBQUdqUlRCRE1BNEdBMVVkRHdFQi93UUUKQXdJQmhqQVNCZ05WSFJNQkFmOEVDREFHQVFIL0FnRUFNQjBHQTFVZERnUVdCQlNJL0d0b3hyNEU1TU53T1BUKwpRaVViRE42enFqQU5CZ2txaGtpRzl3MEJBUXNGQUFPQ0FRRUFROWFjVEc5YmFicmJSTUg2WTh3M3R5RXMrc2ZmCmxIL3gwdWd5RGl4YlRtUlpsNU03Nno3aUlCb2dkV1V3ZlkrWmhWZmc4S2RCbG0vMWU1aFpCY1dYSEJiSENqWngKSVdEaWljZkNROE5WV1ppVUx4TjRHOWlPYS9YQnNrdGxycXdZQ2Eyc3pIbTBGY2N4dVVydWR3K1R6aFU4aTIxYwpHbjZqVkZJMzZZeGtFa3hzQjg0MGVCUHNJUjdrazV5dUpPc21BbG12L2h3ZHlERXlZcDBrMGJjZXpxSjRnMDVFCmNpUE9CWnZBRzdVci80MFFEWGg4RGtUWE5HT0xJdzhLQWkwY0ZqQ2RjeWV3VEJvZzBxUUJWeVdrOS9pTGoxRzAKNEVXMkRYclhSM1BMZXJ3S3lKSGdWTDlQZmhYZEJnSER1cXhpdVZRZzNOMVdmWXVsdTIyOFZqRzVZdz09Ci0tLS0tRU5EIENFUlRJRklDQVRFLS0tLS0K",
                "expires_at": "2024-03-03T17:02:00Z",
                "host": "https://295b4d10-7010-40e5-b918-005a1c0038d1.k8s.ondigitalocean.com",
                "raw_config": "apiVersion: v1\nkind: Config\nclusters:\n- cluster:\n    certificate-authority-data: LS0tLS1CRUdJTiBDRVJUSUZJQ0FURS0tLS0tCk1JSURKekNDQWcrZ0F3SUJBZ0lDQm5Vd0RRWUpLb1pJaHZjTkFRRUxCUUF3TXpFVk1CTUdBMVVFQ2hNTVJHbG4KYVhSaGJFOWpaV0Z1TVJvd0dBWURWUVFERXhGck9ITmhZWE1nUTJ4MWMzUmxjaUJEUVRBZUZ3MHlOREF5TWpVeApOalUzTXpCYUZ3MDBOREF5TWpVeE5qVTNNekJhTURNeEZUQVRCZ05WQkFvVERFUnBaMmwwWVd4UFkyVmhiakVhCk1CZ0dBMVVFQXhNUmF6aHpZV0Z6SUVOc2RYTjBaWElnUTBFd2dnRWlNQTBHQ1NxR1NJYjNEUUVCQVFVQUE0SUIKRHdBd2dnRUtBb0lCQVFDdVRBaGtaY3BFMVZ5ckgyQXNJSzVGTWpCaEl2K1I1U0ttQ255dEZ6SlVDdkRxZGo0RwpNM2RKV2RpTEtwWEhNR3R0Qlh0Z3VZSU5FU05LdVp4OTNrM0FkcnhaZ2VuYW5UQ2s0TmlyQnZERzdkZkJFNEZpClYxdk95RjVlQ3pmNDlwZFF6OEFucWkvT0lYUlpLT1NZSnVXZDd6VGgzRGgwWHNaRDJ4RnpIbXhXczVGRUxnUW0KQTF3UWNITDNDNVhqQ2Iya1NFSDNGeHRwSTZCVXRRNnFQc1liTnlMQnhDcXNVejRMNCtWMDYybXVEWnJwRGZ4WAozRDZmYTRVTlcwMzhlM2JLY1I4Mk5NS0RGVlpSL0hnTHgxRE5uRUFsZWZnSVdOaWRxZ0lITjNwMldFb2l1MEpnCjRiQ3lzbjNHRm9nZ3YzZisweU5acnNsaDhLY1V2UkJzT0FOWkFnTUJBQUdqUlRCRE1BNEdBMVVkRHdFQi93UUUKQXdJQmhqQVNCZ05WSFJNQkFmOEVDREFHQVFIL0FnRUFNQjBHQTFVZERnUVdCQlNJL0d0b3hyNEU1TU53T1BUKwpRaVViRE42enFqQU5CZ2txaGtpRzl3MEJBUXNGQUFPQ0FRRUFROWFjVEc5YmFicmJSTUg2WTh3M3R5RXMrc2ZmCmxIL3gwdWd5RGl4YlRtUlpsNU03Nno3aUlCb2dkV1V3ZlkrWmhWZmc4S2RCbG0vMWU1aFpCY1dYSEJiSENqWngKSVdEaWljZkNROE5WV1ppVUx4TjRHOWlPYS9YQnNrdGxycXdZQ2Eyc3pIbTBGY2N4dVVydWR3K1R6aFU4aTIxYwpHbjZqVkZJMzZZeGtFa3hzQjg0MGVCUHNJUjdrazV5dUpPc21BbG12L2h3ZHlERXlZcDBrMGJjZXpxSjRnMDVFCmNpUE9CWnZBRzdVci80MFFEWGg4RGtUWE5HT0xJdzhLQWkwY0ZqQ2RjeWV3VEJvZzBxUUJWeVdrOS9pTGoxRzAKNEVXMkRYclhSM1BMZXJ3S3lKSGdWTDlQZmhYZEJnSER1cXhpdVZRZzNOMVdmWXVsdTIyOFZqRzVZdz09Ci0tLS0tRU5EIENFUlRJRklDQVRFLS0tLS0K\n    server: https://295b4d10-7010-40e5-b918-005a1c0038d1.k8s.ondigitalocean.com\n  name: do-nyc1-quantum-k8s-cluster\ncontexts:\n- context:\n    cluster: do-nyc1-quantum-k8s-cluster\n    user: do-nyc1-quantum-k8s-cluster-admin\n  name: do-nyc1-quantum-k8s-cluster\ncurrent-context: do-nyc1-quantum-k8s-cluster\nusers:\n- name: do-nyc1-quantum-k8s-cluster-admin\n  user:\n    token: dop_v1_a2f6861292aafee6404a1ef35694cb3edae99a98ce400992af320fdc0ce29cbe\n",
                "token": "dop_v1_a2f6861292aafee6404a1ef35694cb3edae99a98ce400992af320fdc0ce29cbe"
              }
            ],
            "maintenance_policy": [
              {
                "day": "any",
                "duration": "4h0m0s",
                "start_time": "22:00"
              }
            ],
            "name": "quantum-k8s-cluster",
            "node_pool": [
              {
                "actual_node_count": 1,
                "auto_scale": true,
                "id": "365c4a8d-02a3-40ff-b5b8-c78297a0b494",
                "labels": {},
                "max_nodes": 3,
                "min_nodes": 1,
                "name": "worker-node",
                "node_count": 0,
                "nodes": [
                  {
                    "created_at": "2024-02-25 16:57:27 +0000 UTC",
                    "droplet_id": "403259750",
                    "id": "6b630bae-b6d4-497b-a767-c3549d7a7ae8",
                    "name": "worker-node-olnja",
                    "status": "running",
                    "updated_at": "2024-02-25 16:58:55 +0000 UTC"
                  }
                ],
                "size": "s-4vcpu-8gb-amd",
                "tags": [],
                "taint": []
              }
            ],
            "region": "nyc1",
            "registry_integration": false,
            "service_subnet": "10.245.0.0/16",
            "status": "running",
            "surge_upgrade": true,
            "tags": [
              "k8s"
            ],
            "timeouts": null,
            "updated_at": "2024-02-25 17:45:36 +0000 UTC",
            "urn": "do:kubernetes:295b4d10-7010-40e5-b918-005a1c0038d1",
            "version": "1.29.1-do.0",
            "vpc_uuid": "21d790bc-eb43-40f0-8261-f6f762959379"
          },
          "sensitive_attributes": [],
          "private": "eyJlMmJmYjczMC1lY2FhLTExZTYtOGY4OC0zNDM2M2JjN2M0YzAiOnsiY3JlYXRlIjoxODAwMDAwMDAwMDAwfSwic2NoZW1hX3ZlcnNpb24iOiIzIn0="
        }
      ]
    },
    {
      "mode": "managed",
      "type": "digitalocean_record",
      "name": "argocd",
      "provider": "provider[\"registry.terraform.io/digitalocean/digitalocean\"]",
      "instances": [
        {
          "schema_version": 0,
          "attributes": {
            "domain": "shopnest.uz",
            "flags": 0,
            "fqdn": "argocd.shopnest.uz",
            "id": "1727941239",
            "name": "argocd",
            "port": 0,
            "priority": 0,
            "tag": "",
            "ttl": 1800,
            "type": "A",
            "value": "138.197.231.48",
            "weight": 0
          },
          "sensitive_attributes": [],
          "private": "bnVsbA==",
          "dependencies": [
            "data.kubernetes_service_v1.ingress_svc",
            "digitalocean_domain.shopnest_dot_uz",
            "digitalocean_kubernetes_cluster.quantum_k8s_cluster",
            "helm_release.nginx_ingress"
          ]
        }
      ]
    },
    {
      "mode": "managed",
      "type": "digitalocean_record",
      "name": "elasticsearch",
      "provider": "provider[\"registry.terraform.io/digitalocean/digitalocean\"]",
      "instances": [
        {
          "schema_version": 0,
          "attributes": {
            "domain": "shopnest.uz",
            "flags": 0,
            "fqdn": "elasticsearch.shopnest.uz",
            "id": "1727941248",
            "name": "elasticsearch",
            "port": 0,
            "priority": 0,
            "tag": "",
            "ttl": 1800,
            "type": "A",
            "value": "138.197.231.48",
            "weight": 0
          },
          "sensitive_attributes": [],
          "private": "bnVsbA==",
          "dependencies": [
            "data.kubernetes_service_v1.ingress_svc",
            "digitalocean_domain.shopnest_dot_uz",
            "digitalocean_kubernetes_cluster.quantum_k8s_cluster",
            "helm_release.nginx_ingress"
          ]
        }
      ]
    },
    {
      "mode": "managed",
      "type": "digitalocean_record",
      "name": "ezzydocs",
      "provider": "provider[\"registry.terraform.io/digitalocean/digitalocean\"]",
      "instances": [
        {
          "schema_version": 0,
          "attributes": {
            "domain": "shopnest.uz",
            "flags": 0,
            "fqdn": "ezzydocs.shopnest.uz",
            "id": "1727941244",
            "name": "ezzydocs",
            "port": 0,
            "priority": 0,
            "tag": "",
            "ttl": 1800,
            "type": "A",
            "value": "138.197.231.48",
            "weight": 0
          },
          "sensitive_attributes": [],
          "private": "bnVsbA==",
          "dependencies": [
            "data.kubernetes_service_v1.ingress_svc",
            "digitalocean_domain.shopnest_dot_uz",
            "digitalocean_kubernetes_cluster.quantum_k8s_cluster",
            "helm_release.nginx_ingress"
          ]
        }
      ]
    },
    {
      "mode": "managed",
      "type": "digitalocean_record",
      "name": "grafana",
      "provider": "provider[\"registry.terraform.io/digitalocean/digitalocean\"]",
      "instances": [
        {
          "schema_version": 0,
          "attributes": {
            "domain": "shopnest.uz",
            "flags": 0,
            "fqdn": "grafana.shopnest.uz",
            "id": "1727941238",
            "name": "grafana",
            "port": 0,
            "priority": 0,
            "tag": "",
            "ttl": 1800,
            "type": "A",
            "value": "138.197.231.48",
            "weight": 0
          },
          "sensitive_attributes": [],
          "private": "bnVsbA==",
          "dependencies": [
            "data.kubernetes_service_v1.ingress_svc",
            "digitalocean_domain.shopnest_dot_uz",
            "digitalocean_kubernetes_cluster.quantum_k8s_cluster",
            "helm_release.nginx_ingress"
          ]
        }
      ]
    },
    {
      "mode": "managed",
      "type": "digitalocean_record",
      "name": "kibana",
      "provider": "provider[\"registry.terraform.io/digitalocean/digitalocean\"]",
      "instances": [
        {
          "schema_version": 0,
          "attributes": {
            "domain": "shopnest.uz",
            "flags": 0,
            "fqdn": "kibana.shopnest.uz",
            "id": "1727941247",
            "name": "kibana",
            "port": 0,
            "priority": 0,
            "tag": "",
            "ttl": 1800,
            "type": "A",
            "value": "138.197.231.48",
            "weight": 0
          },
          "sensitive_attributes": [],
          "private": "bnVsbA==",
          "dependencies": [
            "data.kubernetes_service_v1.ingress_svc",
            "digitalocean_domain.shopnest_dot_uz",
            "digitalocean_kubernetes_cluster.quantum_k8s_cluster",
            "helm_release.nginx_ingress"
          ]
        }
      ]
    },
    {
      "mode": "managed",
      "type": "digitalocean_record",
      "name": "logstash",
      "provider": "provider[\"registry.terraform.io/digitalocean/digitalocean\"]",
      "instances": [
        {
          "schema_version": 0,
          "attributes": {
            "domain": "shopnest.uz",
            "flags": 0,
            "fqdn": "logstash.shopnest.uz",
            "id": "1727941241",
            "name": "logstash",
            "port": 0,
            "priority": 0,
            "tag": "",
            "ttl": 1800,
            "type": "A",
            "value": "138.197.231.48",
            "weight": 0
          },
          "sensitive_attributes": [],
          "private": "bnVsbA==",
          "dependencies": [
            "data.kubernetes_service_v1.ingress_svc",
            "digitalocean_domain.shopnest_dot_uz",
            "digitalocean_kubernetes_cluster.quantum_k8s_cluster",
            "helm_release.nginx_ingress"
          ]
        }
      ]
    },
    {
      "mode": "managed",
      "type": "digitalocean_record",
      "name": "main_record",
      "provider": "provider[\"registry.terraform.io/digitalocean/digitalocean\"]",
      "instances": [
        {
          "schema_version": 0,
          "attributes": {
            "domain": "shopnest.uz",
            "flags": 0,
            "fqdn": "shopnest.uz",
            "id": "1727941240",
            "name": "@",
            "port": 0,
            "priority": 0,
            "tag": "",
            "ttl": 1800,
            "type": "A",
            "value": "138.197.231.48",
            "weight": 0
          },
          "sensitive_attributes": [],
          "private": "bnVsbA==",
          "dependencies": [
            "data.kubernetes_service_v1.ingress_svc",
            "digitalocean_domain.shopnest_dot_uz",
            "digitalocean_kubernetes_cluster.quantum_k8s_cluster",
            "helm_release.nginx_ingress"
          ]
        }
      ]
    },
    {
      "mode": "managed",
      "type": "digitalocean_record",
      "name": "main_record_www",
      "provider": "provider[\"registry.terraform.io/digitalocean/digitalocean\"]",
      "instances": [
        {
          "schema_version": 0,
          "attributes": {
            "domain": "shopnest.uz",
            "flags": 0,
            "fqdn": "www.shopnest.uz",
            "id": "1727941242",
            "name": "www",
            "port": 0,
            "priority": 0,
            "tag": "",
            "ttl": 1800,
            "type": "A",
            "value": "138.197.231.48",
            "weight": 0
          },
          "sensitive_attributes": [],
          "private": "bnVsbA==",
          "dependencies": [
            "data.kubernetes_service_v1.ingress_svc",
            "digitalocean_domain.shopnest_dot_uz",
            "digitalocean_kubernetes_cluster.quantum_k8s_cluster",
            "helm_release.nginx_ingress"
          ]
        }
      ]
    },
    {
      "mode": "managed",
      "type": "digitalocean_record",
      "name": "monitoring",
      "provider": "provider[\"registry.terraform.io/digitalocean/digitalocean\"]",
      "instances": [
        {
          "schema_version": 0,
          "attributes": {
            "domain": "shopnest.uz",
            "flags": 0,
            "fqdn": "monitoring.shopnest.uz",
            "id": "1727941243",
            "name": "monitoring",
            "port": 0,
            "priority": 0,
            "tag": "",
            "ttl": 1800,
            "type": "A",
            "value": "138.197.231.48",
            "weight": 0
          },
          "sensitive_attributes": [],
          "private": "bnVsbA==",
          "dependencies": [
            "data.kubernetes_service_v1.ingress_svc",
            "digitalocean_domain.shopnest_dot_uz",
            "digitalocean_kubernetes_cluster.quantum_k8s_cluster",
            "helm_release.nginx_ingress"
          ]
        }
      ]
    },
    {
      "mode": "managed",
      "type": "helm_release",
      "name": "cert-manager",
      "provider": "provider[\"registry.terraform.io/hashicorp/helm\"]",
      "instances": [
        {
          "schema_version": 1,
          "attributes": {
            "atomic": false,
            "chart": "cert-manager",
            "cleanup_on_fail": false,
            "create_namespace": true,
            "dependency_update": false,
            "description": null,
            "devel": null,
            "disable_crd_hooks": false,
            "disable_openapi_validation": false,
            "disable_webhooks": false,
            "force_update": false,
            "id": "cert-manager",
            "keyring": null,
            "lint": false,
            "manifest": null,
            "max_history": 0,
            "metadata": [
              {
                "app_version": "v1.8.0",
                "chart": "cert-manager",
                "name": "cert-manager",
                "namespace": "cert-manager",
                "revision": 1,
                "values": "{\"installCRDs\":true}",
                "version": "v1.8.0"
              }
            ],
            "name": "cert-manager",
            "namespace": "cert-manager",
            "pass_credentials": false,
            "postrender": [],
            "recreate_pods": false,
            "render_subchart_notes": true,
            "replace": false,
            "repository": "https://charts.jetstack.io",
            "repository_ca_file": null,
            "repository_cert_file": null,
            "repository_key_file": null,
            "repository_password": null,
            "repository_username": null,
            "reset_values": false,
            "reuse_values": false,
            "set": [
              {
                "name": "installCRDs",
                "type": "",
                "value": "true"
              }
            ],
            "set_list": [],
            "set_sensitive": [],
            "skip_crds": false,
            "status": "deployed",
            "timeout": 300,
            "values": null,
            "verify": false,
            "version": "v1.8.0",
            "wait": true,
            "wait_for_jobs": false
          },
          "sensitive_attributes": [],
          "private": "eyJzY2hlbWFfdmVyc2lvbiI6IjEifQ==",
          "dependencies": [
            "digitalocean_kubernetes_cluster.quantum_k8s_cluster"
          ]
        }
      ]
    },
    {
      "mode": "managed",
      "type": "helm_release",
      "name": "nginx_ingress",
      "provider": "provider[\"registry.terraform.io/hashicorp/helm\"]",
      "instances": [
        {
          "schema_version": 1,
          "attributes": {
            "atomic": false,
            "chart": "ingress-nginx",
            "cleanup_on_fail": false,
            "create_namespace": false,
            "dependency_update": false,
            "description": null,
            "devel": null,
            "disable_crd_hooks": false,
            "disable_openapi_validation": false,
            "disable_webhooks": false,
            "force_update": false,
            "id": "nginx-ingress",
            "keyring": null,
            "lint": false,
            "manifest": null,
            "max_history": 0,
            "metadata": [
              {
                "app_version": "1.9.6",
                "chart": "ingress-nginx",
                "name": "nginx-ingress",
                "namespace": "default",
                "revision": 1,
                "values": "{\"controller\":{\"publishService\":{\"enabled\":true}}}",
                "version": "4.9.1"
              }
            ],
            "name": "nginx-ingress",
            "namespace": "default",
            "pass_credentials": false,
            "postrender": [],
            "recreate_pods": false,
            "render_subchart_notes": true,
            "replace": false,
            "repository": "https://kubernetes.github.io/ingress-nginx",
            "repository_ca_file": null,
            "repository_cert_file": null,
            "repository_key_file": null,
            "repository_password": null,
            "repository_username": null,
            "reset_values": false,
            "reuse_values": false,
            "set": [
              {
                "name": "controller.publishService.enabled",
                "type": "",
                "value": "true"
              }
            ],
            "set_list": [],
            "set_sensitive": [],
            "skip_crds": false,
            "status": "deployed",
            "timeout": 300,
            "values": null,
            "verify": false,
            "version": "4.9.1",
            "wait": true,
            "wait_for_jobs": false
          },
          "sensitive_attributes": [],
          "private": "eyJzY2hlbWFfdmVyc2lvbiI6IjEifQ==",
          "dependencies": [
            "digitalocean_kubernetes_cluster.quantum_k8s_cluster"
          ]
        }
      ]
    }
  ],
  "check_results": null
}
